
Microsoft Visual Studio Solution File, Format Version 12.00
# Visual Studio Version 17
VisualStudioVersion = 17.14.36109.1
MinimumVisualStudioVersion = 10.0.40219.1
Project("{FAE04EC0-301F-11D3-BF4B-00C04F79EFBC}") = "ApiECommerce", "ApiECommerce\ApiECommerce.csproj", "{944A4E0D-3E11-45AE-B994-2B9C8DF1914E}"
EndProject
Project("{FAE04EC0-301F-11D3-BF4B-00C04F79EFBC}") = "AppSnacks", "AppSnacks\AppSnacks\AppSnacks.csproj", "{39A6D515-6AF0-E9C6-A588-352B88C6550B}"
EndProject
Global
	GlobalSection(SolutionConfigurationPlatforms) = preSolution
		Debug|Any CPU = Debug|Any CPU
		Release|Any CPU = Release|Any CPU
	EndGlobalSection
	GlobalSection(ProjectConfigurationPlatforms) = postSolution
		{944A4E0D-3E11-45AE-B994-2B9C8DF1914E}.Debug|Any CPU.ActiveCfg = Debug|Any CPU
		{944A4E0D-3E11-45AE-B994-2B9C8DF1914E}.Debug|Any CPU.Build.0 = Debug|Any CPU
		{944A4E0D-3E11-45AE-B994-2B9C8DF1914E}.Release|Any CPU.ActiveCfg = Release|Any CPU
		{944A4E0D-3E11-45AE-B994-2B9C8DF1914E}.Release|Any CPU.Build.0 = Release|Any CPU
		{39A6D515-6AF0-E9C6-A588-352B88C6550B}.Debug|Any CPU.ActiveCfg = Debug|Any CPU
		{39A6D515-6AF0-E9C6-A588-352B88C6550B}.Debug|Any CPU.Build.0 = Debug|Any CPU
		{39A6D515-6AF0-E9C6-A588-352B88C6550B}.Debug|Any CPU.Deploy.0 = Debug|Any CPU
		{39A6D515-6AF0-E9C6-A588-352B88C6550B}.Release|Any CPU.ActiveCfg = Release|Any CPU
		{39A6D515-6AF0-E9C6-A588-352B88C6550B}.Release|Any CPU.Build.0 = Release|Any CPU
		{39A6D515-6AF0-E9C6-A588-352B88C6550B}.Release|Any CPU.Deploy.0 = Release|Any CPU
	EndGlobalSection
	GlobalSection(SolutionProperties) = preSolution
		HideSolutionNode = FALSE
	EndGlobalSection
	GlobalSection(ExtensibilityGlobals) = postSolution
		SolutionGuid = {2B4F94ED-0AF6-4B87-88E9-CB5055E7BAF5}
	EndGlobalSection
EndGlobal
